
Microsoft Visual Studio Solution File, Format Version 12.00
# Visual Studio Version 17
VisualStudioVersion = 17.1.32407.343
MinimumVisualStudioVersion = 10.0.40219.1
Project("{9A19103F-16F7-4668-BE54-9A1E7A4F7556}") = "Redirects Exercise", "Redirects Exercise.csproj", "{F77E8AA7-58A3-475E-9628-3B826BC784DA}"
EndProject
Project("{FAE04EC0-301F-11D3-BF4B-00C04F79EFBC}") = "Redirects Exercise Unit Tests", "..\Redirects Exercise Unit Tests\Redirects Exercise Unit Tests.csproj", "{A82CA542-4AC0-4245-8F00-4317F9486F9E}"
EndProject
Global
	GlobalSection(SolutionConfigurationPlatforms) = preSolution
		Debug|Any CPU = Debug|Any CPU
		Release|Any CPU = Release|Any CPU
	EndGlobalSection
	GlobalSection(ProjectConfigurationPlatforms) = postSolution
		{F77E8AA7-58A3-475E-9628-3B826BC784DA}.Debug|Any CPU.ActiveCfg = Debug|Any CPU
		{F77E8AA7-58A3-475E-9628-3B826BC784DA}.Debug|Any CPU.Build.0 = Debug|Any CPU
		{F77E8AA7-58A3-475E-9628-3B826BC784DA}.Release|Any CPU.ActiveCfg = Release|Any CPU
		{F77E8AA7-58A3-475E-9628-3B826BC784DA}.Release|Any CPU.Build.0 = Release|Any CPU
		{A82CA542-4AC0-4245-8F00-4317F9486F9E}.Debug|Any CPU.ActiveCfg = Debug|Any CPU
		{A82CA542-4AC0-4245-8F00-4317F9486F9E}.Debug|Any CPU.Build.0 = Debug|Any CPU
		{A82CA542-4AC0-4245-8F00-4317F9486F9E}.Release|Any CPU.ActiveCfg = Release|Any CPU
		{A82CA542-4AC0-4245-8F00-4317F9486F9E}.Release|Any CPU.Build.0 = Release|Any CPU
	EndGlobalSection
	GlobalSection(SolutionProperties) = preSolution
		HideSolutionNode = FALSE
	EndGlobalSection
	GlobalSection(ExtensibilityGlobals) = postSolution
		SolutionGuid = {641A91BE-4B8A-47C0-AEEE-5457DE93DDB6}
	EndGlobalSection
EndGlobal
